// !$*UTF8*$!
{
	archiveVersion = 1;
	classes = {
	};
	objectVersion = 77;
	objects = {

/* Begin PBXBuildFile section */
		D393FA9930260D460050409C /* FootballInGameModels.swift in Sources */ = {isa = PBXBuildFile; fileRef = D393FA9830260D460050409C /* FootballInGameModels.swift */; };
		D393FA9B30260D710050409C /* FootballInGameServices.swift in Sources */ = {isa = PBXBuildFile; fileRef = D393FA9A30260D710050409C /* FootballInGameServices.swift */; };
		D393FA9D302610D80050409C /* FootballGameClockLogView.swift in Sources */ = {isa = PBXBuildFile; fileRef = D393FA9C302610D80050409C /* FootballGameClockLogView.swift */; };
		D393FA9F302610E40050409C /* FootballWhistleFieldTestPlan.md in Resources */ = {isa = PBXBuildFile; fileRef = D393FA9E302610E40050409C /* FootballWhistleFieldTestPlan.md */; };
/* End PBXBuildFile section */

/* Begin PBXContainerItemProxy section */
		D3AB33C830114F9D00A89F6D /* PBXContainerItemProxy */ = {
			isa = PBXContainerItemProxy;
			containerPortal = D3AB33AD30114F9C00A89F6D /* Project object */;
			proxyType = 1;
			remoteGlobalIDString = D3AB33B430114F9C00A89F6D;
			remoteInfo = RefTraceApp;
		};
		D3AB33D230114F9D00A89F6D /* PBXContainerItemProxy */ = {
			isa = PBXContainerItemProxy;
			containerPortal = D3AB33AD30114F9C00A89F6D /* Project object */;
			proxyType = 1;
			remoteGlobalIDString = D3AB33B430114F9C00A89F6D;
			remoteInfo = RefTraceApp;
		};
/* End PBXContainerItemProxy section */

/* Begin PBXFileReference section */
		D393FA9830260D460050409C /* FootballInGameModels.swift */ = {isa = PBXFileReference; lastKnownFileType = sourcecode.swift; path = FootballInGameModels.swift; sourceTree = "<group>"; };
		D393FA9A30260D710050409C /* FootballInGameServices.swift */ = {isa = PBXFileReference; lastKnownFileType = sourcecode.swift; path = FootballInGameServices.swift; sourceTree = "<group>"; };
		D393FA9C302610D80050409C /* FootballGameClockLogView.swift */ = {isa = PBXFileReference; lastKnownFileType = sourcecode.swift; path = FootballGameClockLogView.swift; sourceTree = "<group>"; };
		D393FA9E302610E40050409C /* FootballWhistleFieldTestPlan.md */ = {isa = PBXFileReference; lastKnownFileType = net.daringfireball.markdown; path = FootballWhistleFieldTestPlan.md; sourceTree = "<group>"; };
		D3AB33B530114F9C00A89F6D /* RefTraceApp.app */ = {isa = PBXFileReference; explicitFileType = wrapper.application; includeInIndex = 0; path = RefTraceApp.app; sourceTree = BUILT_PRODUCTS_DIR; };
		D3AB33C730114F9D00A89F6D /* RefTraceAppTests.xctest */ = {isa = PBXFileReference; explicitFileType = wrapper.cfbundle; includeInIndex = 0; path = RefTraceAppTests.xctest; sourceTree = BUILT_PRODUCTS_DIR; };
		D3AB33D130114F9D00A89F6D /* RefTraceAppUITests.xctest */ = {isa = PBXFileReference; explicitFileType = wrapper.cfbundle; includeInIndex = 0; path = RefTraceAppUITests.xctest; sourceTree = BUILT_PRODUCTS_DIR; };
/* End PBXFileReference section */

/* Begin PBXFileSystemSynchronizedRootGroup section */
		D3AB33B730114F9C00A89F6D /* RefTraceApp */ = {
			isa = PBXFileSystemSynchronizedRootGroup;
			path = RefTraceApp;
			sourceTree = "<group>";
		};
		D3AB33CA30114F9D00A89F6D /* RefTraceAppTests */ = {
			isa = PBXFileSystemSynchronizedRootGroup;
			path = RefTraceAppTests;
			sourceTree = "<group>";
		};
		D3AB33D430114F9D00A89F6D /* RefTraceAppUITests */ = {
			isa = PBXFileSystemSynchronizedRootGroup;
			path = RefTraceAppUITests;
			sourceTree = "<group>";
		};
/* End PBXFileSystemSynchronizedRootGroup section */

/* Begin PBXFrameworksBuildPhase section */
		D3AB33B230114F9C00A89F6D /* Frameworks */ = {
			isa = PBXFrameworksBuildPhase;
			buildActionMask = 2147483647;
			files = (
			);
			runOnlyForDeploymentPostprocessing = 0;
		};
		D3AB33C430114F9D00A89F6D /* Frameworks */ = {
			isa = PBXFrameworksBuildPhase;
			buildActionMask = 2147483647;
			files = (
			);
			runOnlyForDeploymentPostprocessing = 0;
		};
		D3AB33CE30114F9D00A89F6D /* Frameworks */ = {
			isa = PBXFrameworksBuildPhase;
			buildActionMask = 2147483647;
			files = (
			);
			runOnlyForDeploymentPostprocessing = 0;
		};
/* End PBXFrameworksBuildPhase section */

/* Begin PBXGroup section */
		D3AB33AC30114F9C00A89F6D = {
			isa = PBXGroup;
			children = (
				D3AB33B730114F9C00A89F6D /* RefTraceApp */,
				D3AB33CA30114F9D00A89F6D /* RefTraceAppTests */,
				D3AB33D430114F9D00A89F6D /* RefTraceAppUITests */,
				D3AB33B630114F9C00A89F6D /* Products */,
				D393FA9830260D460050409C /* FootballInGameModels.swift */,
				D393FA9A30260D710050409C /* FootballInGameServices.swift */,
				D393FA9C302610D80050409C /* FootballGameClockLogView.swift */,
				D393FA9E302610E40050409C /* FootballWhistleFieldTestPlan.md */,
			);
			sourceTree = "<group>";
		};
		D3AB33B630114F9C00A89F6D /* Products */ = {
			isa = PBXGroup;
			children = (
				D3AB33B530114F9C00A89F6D /* RefTraceApp.app */,
				D3AB33C730114F9D00A89F6D /* RefTraceAppTests.xctest */,
				D3AB33D130114F9D00A89F6D /* RefTraceAppUITests.xctest */,
			);
			name = Products;
			sourceTree = "<group>";
		};
/* End PBXGroup section */

/* Begin PBXNativeTarget section */
		D3AB33B430114F9C00A89F6D /* RefTraceApp */ = {
			isa = PBXNativeTarget;
			buildConfigurationList = D3AB33DB30114F9D00A89F6D /* Build configuration list for PBXNativeTarget "RefTraceApp" */;
			buildPhases = (
				D3AB33B130114F9C00A89F6D /* Sources */,
				D3AB33B230114F9C00A89F6D /* Frameworks */,
				D3AB33B330114F9C00A89F6D /* Resources */,
			);
			buildRules = (
			);
			dependencies = (
			);
			fileSystemSynchronizedGroups = (
				D3AB33B730114F9C00A89F6D /* RefTraceApp */,
			);
			name = RefTraceApp;
			packageProductDependencies = (
			);
			productName = RefTraceApp;
			productReference = D3AB33B530114F9C00A89F6D /* RefTraceApp.app */;
			productType = "com.apple.product-type.application";
		};
		D3AB33C630114F9D00A89F6D /* RefTraceAppTests */ = {
			isa = PBXNativeTarget;
			buildConfigurationList = D3AB33DE30114F9D00A89F6D /* Build configuration list for PBXNativeTarget "RefTraceAppTests" */;
			buildPhases = (
				D3AB33C330114F9D00A89F6D /* Sources */,
				D3AB33C430114F9D00A89F6D /* Frameworks */,
				D3AB33C530114F9D00A89F6D /* Resources */,
			);
			buildRules = (
			);
			dependencies = (
				D3AB33C930114F9D00A89F6D /* PBXTargetDependency */,
			);
			fileSystemSynchronizedGroups = (
				D3AB33CA30114F9D00A89F6D /* RefTraceAppTests */,
			);
			name = RefTraceAppTests;
			packageProductDependencies = (
			);
			productName = RefTraceAppTests;
			productReference = D3AB33C730114F9D00A89F6D /* RefTraceAppTests.xctest */;
			productType = "com.apple.product-type.bundle.unit-test";
		};
		D3AB33D030114F9D00A89F6D /* RefTraceAppUITests */ = {
			isa = PBXNativeTarget;
			buildConfigurationList = D3AB33E130114F9D00A89F6D /* Build configuration list for PBXNativeTarget "RefTraceAppUITests" */;
			buildPhases = (
				D3AB33CD30114F9D00A89F6D /* Sources */,
				D3AB33CE30114F9D00A89F6D /* Frameworks */,
				D3AB33CF30114F9D00A89F6D /* Resources */,
			);
			buildRules = (
			);
			dependencies = (
				D3AB33D330114F9D00A89F6D /* PBXTargetDependency */,
			);
			fileSystemSynchronizedGroups = (
				D3AB33D430114F9D00A89F6D /* RefTraceAppUITests */,
			);
			name = RefTraceAppUITests;
			packageProductDependencies = (
			);
			productName = RefTraceAppUITests;
			productReference = D3AB33D130114F9D00A89F6D /* RefTraceAppUITests.xctest */;
			productType = "com.apple.product-type.bundle.ui-testing";
		};
/* End PBXNativeTarget section */

/* Begin PBXProject section */
		D3AB33AD30114F9C00A89F6D /* Project object */ = {
			isa = PBXProject;
			attributes = {
				BuildIndependentTargetsInParallel = 1;
				LastSwiftUpdateCheck = 2660;
				LastUpgradeCheck = 2660;
				TargetAttributes = {
					D3AB33B430114F9C00A89F6D = {
						CreatedOnToolsVersion = 26.6;
					};
					D3AB33C630114F9D00A89F6D = {
						CreatedOnToolsVersion = 26.6;
						TestTargetID = D3AB33B430114F9C00A89F6D;
					};
					D3AB33D030114F9D00A89F6D = {
						CreatedOnToolsVersion = 26.6;
						TestTargetID = D3AB33B430114F9C00A89F6D;
					};
				};
			};
			buildConfigurationList = D3AB33B030114F9C00A89F6D /* Build configuration list for PBXProject "RefTraceApp" */;
			developmentRegion = en;
			hasScannedForEncodings = 0;
			knownRegions = (
				en,
				Base,
			);
			mainGroup = D3AB33AC30114F9C00A89F6D;
			minimizedProjectReferenceProxies = 1;
			preferredProjectObjectVersion = 77;
			productRefGroup = D3AB33B630114F9C00A89F6D /* Products */;
			projectDirPath = "";
			projectRoot = "";
			targets = (
				D3AB33B430114F9C00A89F6D /* RefTraceApp */,
				D3AB33C630114F9D00A89F6D /* RefTraceAppTests */,
				D3AB33D030114F9D00A89F6D /* RefTraceAppUITests */,
			);
		};
/* End PBXProject section */

/* Begin PBXResourcesBuildPhase section */
		D3AB33B330114F9C00A89F6D /* Resources */ = {
			isa = PBXResourcesBuildPhase;
			buildActionMask = 2147483647;
			files = (
				D393FA9F302610E40050409C /* FootballWhistleFieldTestPlan.md in Resources */,
			);
			runOnlyForDeploymentPostprocessing = 0;
		};
		D3AB33C530114F9D00A89F6D /* Resources */ = {
			isa = PBXResourcesBuildPhase;
			buildActionMask = 2147483647;
			files = (
			);
			runOnlyForDeploymentPostprocessing = 0;
		};
		D3AB33CF30114F9D00A89F6D /* Resources */ = {
			isa = PBXResourcesBuildPhase;
			buildActionMask = 2147483647;
			files = (
			);
			runOnlyForDeploymentPostprocessing = 0;
		};
/* End PBXResourcesBuildPhase section */

/* Begin PBXSourcesBuildPhase section */
		D3AB33B130114F9C00A89F6D /* Sources */ = {
			isa = PBXSourcesBuildPhase;
			buildActionMask = 2147483647;
			files = (
				D393FA9D302610D80050409C /* FootballGameClockLogView.swift in Sources */,
				D393FA9B30260D710050409C /* FootballInGameServices.swift in Sources */,
				D393FA9930260D460050409C /* FootballInGameModels.swift in Sources */,
			);
			runOnlyForDeploymentPostprocessing = 0;
		};
		D3AB33C330114F9D00A89F6D /* Sources */ = {
			isa = PBXSourcesBuildPhase;
			buildActionMask = 2147483647;
			files = (
			);
			runOnlyForDeploymentPostprocessing = 0;
		};
		D3AB33CD30114F9D00A89F6D /* Sources */ = {
			isa = PBXSourcesBuildPhase;
			buildActionMask = 2147483647;
			files = (
			);
			runOnlyForDeploymentPostprocessing = 0;
		};
/* End PBXSourcesBuildPhase section */

/* Begin PBXTargetDependency section */
		D3AB33C930114F9D00A89F6D /* PBXTargetDependency */ = {
			isa = PBXTargetDependency;
			target = D3AB33B430114F9C00A89F6D /* RefTraceApp */;
			targetProxy = D3AB33C830114F9D00A89F6D /* PBXContainerItemProxy */;
		};
		D3AB33D330114F9D00A89F6D /* PBXTargetDependency */ = {
			isa = PBXTargetDependency;
			target = D3AB33B430114F9C00A89F6D /* RefTraceApp */;
			targetProxy = D3AB33D230114F9D00A89F6D /* PBXContainerItemProxy */;
		};
/* End PBXTargetDependency section */

/* Begin XCBuildConfiguration section */
		D3AB33D930114F9D00A89F6D /* Debug */ = {
			isa = XCBuildConfiguration;
			buildSettings = {
				ALWAYS_SEARCH_USER_PATHS = NO;
				ASSETCATALOG_COMPILER_GENERATE_SWIFT_ASSET_SYMBOL_EXTENSIONS = YES;
				CLANG_ANALYZER_NONNULL = YES;
				CLANG_ANALYZER_NUMBER_OBJECT_CONVERSION = YES_AGGRESSIVE;
				CLANG_CXX_LANGUAGE_STANDARD = "gnu++20";
				CLANG_ENABLE_MODULES = YES;
				CLANG_ENABLE_OBJC_ARC = YES;
				CLANG_ENABLE_OBJC_WEAK = YES;
				CLANG_WARN_BLOCK_CAPTURE_AUTORELEASING = YES;
				CLANG_WARN_BOOL_CONVERSION = YES;
				CLANG_WARN_COMMA = YES;
				CLANG_WARN_CONSTANT_CONVERSION = YES;
				CLANG_WARN_DEPRECATED_OBJC_IMPLEMENTATIONS = YES;
				CLANG_WARN_DIRECT_OBJC_ISA_USAGE = YES_ERROR;
				CLANG_WARN_DOCUMENTATION_COMMENTS = YES;
				CLANG_WARN_EMPTY_BODY = YES;
				CLANG_WARN_ENUM_CONVERSION = YES;
				CLANG_WARN_INFINITE_RECURSION = YES;
				CLANG_WARN_INT_CONVERSION = YES;
				CLANG_WARN_NON_LITERAL_NULL_CONVERSION = YES;
				CLANG_WARN_OBJC_IMPLICIT_RETAIN_SELF = YES;
				CLANG_WARN_OBJC_LITERAL_CONVERSION = YES;
				CLANG_WARN_OBJC_ROOT_CLASS = YES_ERROR;
				CLANG_WARN_QUOTED_INCLUDE_IN_FRAMEWORK_HEADER = YES;
				CLANG_WARN_RANGE_LOOP_ANALYSIS = YES;
				CLANG_WARN_STRICT_PROTOTYPES = YES;
				CLANG_WARN_SUSPICIOUS_MOVE = YES;
				CLANG_WARN_UNGUARDED_AVAILABILITY = YES_AGGRESSIVE;
				CLANG_WARN_UNREACHABLE_CODE = YES;
				CLANG_WARN__DUPLICATE_METHOD_MATCH = YES;
				COPY_PHASE_STRIP = NO;
				DEBUG_INFORMATION_FORMAT = dwarf;
				ENABLE_STRICT_OBJC_MSGSEND = YES;
				ENABLE_TESTABILITY = YES;
				ENABLE_USER_SCRIPT_SANDBOXING = YES;
				GCC_C_LANGUAGE_STANDARD = gnu17;
				GCC_DYNAMIC_NO_PIC = NO;
				GCC_NO_COMMON_BLOCKS = YES;
				GCC_OPTIMIZATION_LEVEL = 0;
				GCC_PREPROCESSOR_DEFINITIONS = (
					"DEBUG=1",
					"$(inherited)",
				);
				GCC_WARN_64_TO_32_BIT_CONVERSION = YES;
				GCC_WARN_ABOUT_RETURN_TYPE = YES_ERROR;
				GCC_WARN_UNDECLARED_SELECTOR = YES;
				GCC_WARN_UNINITIALIZED_AUTOS = YES_AGGRESSIVE;
				GCC_WARN_UNUSED_FUNCTION = YES;
				GCC_WARN_UNUSED_VARIABLE = YES;
				IPHONEOS_DEPLOYMENT_TARGET = 26.5;
				LOCALIZATION_PREFERS_STRING_CATALOGS = YES;
				MTL_ENABLE_DEBUG_INFO = INCLUDE_SOURCE;
				MTL_FAST_MATH = YES;
				ONLY_ACTIVE_ARCH = YES;
				SDKROOT = iphoneos;
				SWIFT_ACTIVE_COMPILATION_CONDITIONS = "DEBUG $(inherited)";
				SWIFT_OPTIMIZATION_LEVEL = "-Onone";
			};
			name = Debug;
		};
		D3AB33DA30114F9D00A89F6D /* Release */ = {
			isa = XCBuildConfiguration;
			buildSettings = {
				ALWAYS_SEARCH_USER_PATHS = NO;
				ASSETCATALOG_COMPILER_GENERATE_SWIFT_ASSET_SYMBOL_EXTENSIONS = YES;
				CLANG_ANALYZER_NONNULL = YES;
				CLANG_ANALYZER_NUMBER_OBJECT_CONVERSION = YES_AGGRESSIVE;
				CLANG_CXX_LANGUAGE_STANDARD = "gnu++20";
				CLANG_ENABLE_MODULES = YES;
				CLANG_ENABLE_OBJC_ARC = YES;
				CLANG_ENABLE_OBJC_WEAK = YES;
				CLANG_WARN_BLOCK_CAPTURE_AUTORELEASING = YES;
				CLANG_WARN_BOOL_CONVERSION = YES;
				CLANG_WARN_COMMA = YES;
				CLANG_WARN_CONSTANT_CONVERSION = YES;
				CLANG_WARN_DEPRECATED_OBJC_IMPLEMENTATIONS = YES;
				CLANG_WARN_DIRECT_OBJC_ISA_USAGE = YES_ERROR;
				CLANG_WARN_DOCUMENTATION_COMMENTS = YES;
				CLANG_WARN_EMPTY_BODY = YES;
				CLANG_WARN_ENUM_CONVERSION = YES;
				CLANG_WARN_INFINITE_RECURSION = YES;
				CLANG_WARN_INT_CONVERSION = YES;
				CLANG_WARN_NON_LITERAL_NULL_CONVERSION = YES;
				CLANG_WARN_OBJC_IMPLICIT_RETAIN_SELF = YES;
				CLANG_WARN_OBJC_LITERAL_CONVERSION = YES;
				CLANG_WARN_OBJC_ROOT_CLASS = YES_ERROR;
				CLANG_WARN_QUOTED_INCLUDE_IN_FRAMEWORK_HEADER = YES;
				CLANG_WARN_RANGE_LOOP_ANALYSIS = YES;
				CLANG_WARN_STRICT_PROTOTYPES = YES;
				CLANG_WARN_SUSPICIOUS_MOVE = YES;
				CLANG_WARN_UNGUARDED_AVAILABILITY = YES_AGGRESSIVE;
				CLANG_WARN_UNREACHABLE_CODE = YES;
				CLANG_WARN__DUPLICATE_METHOD_MATCH = YES;
				COPY_PHASE_STRIP = NO;
				DEBUG_INFORMATION_FORMAT = "dwarf-with-dsym";
				ENABLE_NS_ASSERTIONS = NO;
				ENABLE_STRICT_OBJC_MSGSEND = YES;
				ENABLE_USER_SCRIPT_SANDBOXING = YES;
				GCC_C_LANGUAGE_STANDARD = gnu17;
				GCC_NO_COMMON_BLOCKS = YES;
				GCC_WARN_64_TO_32_BIT_CONVERSION = YES;
				GCC_WARN_ABOUT_RETURN_TYPE = YES_ERROR;
				GCC_WARN_UNDECLARED_SELECTOR = YES;
				GCC_WARN_UNINITIALIZED_AUTOS = YES_AGGRESSIVE;
				GCC_WARN_UNUSED_FUNCTION = YES;
				GCC_WARN_UNUSED_VARIABLE = YES;
				IPHONEOS_DEPLOYMENT_TARGET = 26.5;
				LOCALIZATION_PREFERS_STRING_CATALOGS = YES;
				MTL_ENABLE_DEBUG_INFO = NO;
				MTL_FAST_MATH = YES;
				SDKROOT = iphoneos;
				SWIFT_COMPILATION_MODE = wholemodule;
				VALIDATE_PRODUCT = YES;
			};
			name = Release;
		};
		D3AB33DC30114F9D00A89F6D /* Debug */ = {
			isa = XCBuildConfiguration;
			buildSettings = {
				ASSETCATALOG_COMPILER_APPICON_NAME = AppIcon;
				ASSETCATALOG_COMPILER_GLOBAL_ACCENT_COLOR_NAME = AccentColor;
				CODE_SIGN_STYLE = Automatic;
				CURRENT_PROJECT_VERSION = 1;
				DEVELOPMENT_TEAM = V2MDJ34676;
				ENABLE_PREVIEWS = YES;
				GENERATE_INFOPLIST_FILE = YES;
				INFOPLIST_KEY_UIApplicationSceneManifest_Generation = YES;
				INFOPLIST_KEY_UIApplicationSupportsIndirectInputEvents = YES;
				INFOPLIST_KEY_UILaunchScreen_Generation = YES;
				INFOPLIST_KEY_UISupportedInterfaceOrientations_iPad = "UIInterfaceOrientationPortrait UIInterfaceOrientationPortraitUpsideDown UIInterfaceOrientationLandscapeLeft UIInterfaceOrientationLandscapeRight";
				INFOPLIST_KEY_UISupportedInterfaceOrientations_iPhone = "UIInterfaceOrientationPortrait UIInterfaceOrientationLandscapeLeft UIInterfaceOrientationLandscapeRight";
				LD_RUNPATH_SEARCH_PATHS = (
					"$(inherited)",
					"@executable_path/Frameworks",
				);
				MARKETING_VERSION = 1.0;
				PRODUCT_BUNDLE_IDENTIFIER = com.comebackseason.RefTraceApp;
				PRODUCT_NAME = "$(TARGET_NAME)";
				STRING_CATALOG_GENERATE_SYMBOLS = YES;
				SWIFT_APPROACHABLE_CONCURRENCY = YES;
				SWIFT_DEFAULT_ACTOR_ISOLATION = MainActor;
				SWIFT_EMIT_LOC_STRINGS = YES;
				SWIFT_UPCOMING_FEATURE_MEMBER_IMPORT_VISIBILITY = YES;
				SWIFT_VERSION = 5.0;
				TARGETED_DEVICE_FAMILY = "1,2";
			};
			name = Debug;
		};
		D3AB33DD30114F9D00A89F6D /* Release */ = {
			isa = XCBuildConfiguration;
			buildSettings = {
				ASSETCATALOG_COMPILER_APPICON_NAME = AppIcon;
				ASSETCATALOG_COMPILER_GLOBAL_ACCENT_COLOR_NAME = AccentColor;
				CODE_SIGN_STYLE = Automatic;
				CURRENT_PROJECT_VERSION = 1;
				DEVELOPMENT_TEAM = V2MDJ34676;
				ENABLE_PREVIEWS = YES;
				GENERATE_INFOPLIST_FILE = YES;
				INFOPLIST_KEY_UIApplicationSceneManifest_Generation = YES;
				INFOPLIST_KEY_UIApplicationSupportsIndirectInputEvents = YES;
				INFOPLIST_KEY_UILaunchScreen_Generation = YES;
				INFOPLIST_KEY_UISupportedInterfaceOrientations_iPad = "UIInterfaceOrientationPortrait UIInterfaceOrientationPortraitUpsideDown UIInterfaceOrientationLandscapeLeft UIInterfaceOrientationLandscapeRight";
				INFOPLIST_KEY_UISupportedInterfaceOrientations_iPhone = "UIInterfaceOrientationPortrait UIInterfaceOrientationLandscapeLeft UIInterfaceOrientationLandscapeRight";
				LD_RUNPATH_SEARCH_PATHS = (
					"$(inherited)",
					"@executable_path/Frameworks",
				);
				MARKETING_VERSION = 1.0;
				PRODUCT_BUNDLE_IDENTIFIER = com.comebackseason.RefTraceApp;
				PRODUCT_NAME = "$(TARGET_NAME)";
				STRING_CATALOG_GENERATE_SYMBOLS = YES;
				SWIFT_APPROACHABLE_CONCURRENCY = YES;
				SWIFT_DEFAULT_ACTOR_ISOLATION = MainActor;
				SWIFT_EMIT_LOC_STRINGS = YES;
				SWIFT_UPCOMING_FEATURE_MEMBER_IMPORT_VISIBILITY = YES;
				SWIFT_VERSION = 5.0;
				TARGETED_DEVICE_FAMILY = "1,2";
			};
			name = Release;
		};
		D3AB33DF30114F9D00A89F6D /* Debug */ = {
			isa = XCBuildConfiguration;
			buildSettings = {
				BUNDLE_LOADER = "$(TEST_HOST)";
				CODE_SIGN_STYLE = Automatic;
				CURRENT_PROJECT_VERSION = 1;
				GENERATE_INFOPLIST_FILE = YES;
				IPHONEOS_DEPLOYMENT_TARGET = 26.5;
				MARKETING_VERSION = 1.0;
				PRODUCT_BUNDLE_IDENTIFIER = com.comebackseason.RefTraceAppTests;
				PRODUCT_NAME = "$(TARGET_NAME)";
				STRING_CATALOG_GENERATE_SYMBOLS = NO;
				SWIFT_APPROACHABLE_CONCURRENCY = YES;
				SWIFT_EMIT_LOC_STRINGS = NO;
				SWIFT_UPCOMING_FEATURE_MEMBER_IMPORT_VISIBILITY = YES;
				SWIFT_VERSION = 5.0;
				TARGETED_DEVICE_FAMILY = "1,2";
				TEST_HOST = "$(BUILT_PRODUCTS_DIR)/RefTraceApp.app/$(BUNDLE_EXECUTABLE_FOLDER_PATH)/RefTraceApp";
			};
			name = Debug;
		};
		D3AB33E030114F9D00A89F6D /* Release */ = {
			isa = XCBuildConfiguration;
			buildSettings = {
				BUNDLE_LOADER = "$(TEST_HOST)";
				CODE_SIGN_STYLE = Automatic;
				CURRENT_PROJECT_VERSION = 1;
				GENERATE_INFOPLIST_FILE = YES;
				IPHONEOS_DEPLOYMENT_TARGET = 26.5;
				MARKETING_VERSION = 1.0;
				PRODUCT_BUNDLE_IDENTIFIER = com.comebackseason.RefTraceAppTests;
				PRODUCT_NAME = "$(TARGET_NAME)";
				STRING_CATALOG_GENERATE_SYMBOLS = NO;
				SWIFT_APPROACHABLE_CONCURRENCY = YES;
				SWIFT_EMIT_LOC_STRINGS = NO;
				SWIFT_UPCOMING_FEATURE_MEMBER_IMPORT_VISIBILITY = YES;
				SWIFT_VERSION = 5.0;
				TARGETED_DEVICE_FAMILY = "1,2";
				TEST_HOST = "$(BUILT_PRODUCTS_DIR)/RefTraceApp.app/$(BUNDLE_EXECUTABLE_FOLDER_PATH)/RefTraceApp";
			};
			name = Release;
		};
		D3AB33E230114F9D00A89F6D /* Debug */ = {
			isa = XCBuildConfiguration;
			buildSettings = {
				CODE_SIGN_STYLE = Automatic;
				CURRENT_PROJECT_VERSION = 1;
				GENERATE_INFOPLIST_FILE = YES;
				MARKETING_VERSION = 1.0;
				PRODUCT_BUNDLE_IDENTIFIER = com.comebackseason.RefTraceAppUITests;
				PRODUCT_NAME = "$(TARGET_NAME)";
				STRING_CATALOG_GENERATE_SYMBOLS = NO;
				SWIFT_APPROACHABLE_CONCURRENCY = YES;
				SWIFT_EMIT_LOC_STRINGS = NO;
				SWIFT_UPCOMING_FEATURE_MEMBER_IMPORT_VISIBILITY = YES;
				SWIFT_VERSION = 5.0;
				TARGETED_DEVICE_FAMILY = "1,2";
				TEST_TARGET_NAME = RefTraceApp;
			};
			name = Debug;
		};
		D3AB33E330114F9D00A89F6D /* Release */ = {
			isa = XCBuildConfiguration;
			buildSettings = {
				CODE_SIGN_STYLE = Automatic;
				CURRENT_PROJECT_VERSION = 1;
				GENERATE_INFOPLIST_FILE = YES;
				MARKETING_VERSION = 1.0;
				PRODUCT_BUNDLE_IDENTIFIER = com.comebackseason.RefTraceAppUITests;
				PRODUCT_NAME = "$(TARGET_NAME)";
				STRING_CATALOG_GENERATE_SYMBOLS = NO;
				SWIFT_APPROACHABLE_CONCURRENCY = YES;
				SWIFT_EMIT_LOC_STRINGS = NO;
				SWIFT_UPCOMING_FEATURE_MEMBER_IMPORT_VISIBILITY = YES;
				SWIFT_VERSION = 5.0;
				TARGETED_DEVICE_FAMILY = "1,2";
				TEST_TARGET_NAME = RefTraceApp;
			};
			name = Release;
		};
/* End XCBuildConfiguration section */

/* Begin XCConfigurationList section */
		D3AB33B030114F9C00A89F6D /* Build configuration list for PBXProject "RefTraceApp" */ = {
			isa = XCConfigurationList;
			buildConfigurations = (
				D3AB33D930114F9D00A89F6D /* Debug */,
				D3AB33DA30114F9D00A89F6D /* Release */,
			);
			defaultConfigurationIsVisible = 0;
			defaultConfigurationName = Release;
		};
		D3AB33DB30114F9D00A89F6D /* Build configuration list for PBXNativeTarget "RefTraceApp" */ = {
			isa = XCConfigurationList;
			buildConfigurations = (
				D3AB33DC30114F9D00A89F6D /* Debug */,
				D3AB33DD30114F9D00A89F6D /* Release */,
			);
			defaultConfigurationIsVisible = 0;
			defaultConfigurationName = Release;
		};
		D3AB33DE30114F9D00A89F6D /* Build configuration list for PBXNativeTarget "RefTraceAppTests" */ = {
			isa = XCConfigurationList;
			buildConfigurations = (
				D3AB33DF30114F9D00A89F6D /* Debug */,
				D3AB33E030114F9D00A89F6D /* Release */,
			);
			defaultConfigurationIsVisible = 0;
			defaultConfigurationName = Release;
		};
		D3AB33E130114F9D00A89F6D /* Build configuration list for PBXNativeTarget "RefTraceAppUITests" */ = {
			isa = XCConfigurationList;
			buildConfigurations = (
				D3AB33E230114F9D00A89F6D /* Debug */,
				D3AB33E330114F9D00A89F6D /* Release */,
			);
			defaultConfigurationIsVisible = 0;
			defaultConfigurationName = Release;
		};
/* End XCConfigurationList section */
	};
	rootObject = D3AB33AD30114F9C00A89F6D /* Project object */;
}
